lockfileVersion: '9.0'

settings:
  autoInstallPeers: true
  excludeLinksFromLockfile: false

importers:

  .:
    dependencies:
      patchright:
        specifier: ^1.61.1
        version: 1.61.1
    devDependencies:
      typescript:
        specifier: ^5.5.0
        version: 5.9.3

packages:

  fsevents@2.3.2:
    resolution: {integrity: sha512-xiqMQR4xAeHTuB9uWm+fFRcIOgKBMiOBP+eXiyT7jsgVCq1bkVygt00oASowB7EdtpOHaaPgKt812P9ab+DDKA==}
    engines: {node: ^8.16.0 || ^10.6.0 || >=11.0.0}
    os: [darwin]

  patchright-core@1.61.1:
    resolution: {integrity: sha512-d6Ju67DE6OzqlEX3WPvUX2SLEs6iMY1WERit//mpsrT98VHcztaUo0CBw2Lpxq25VdufVEiWEdcc0HnLwdiq6A==}
    engines: {node: '>=18'}
    hasBin: true

  patchright@1.61.1:
    resolution: {integrity: sha512-kZWNZ2tunsBMTBWtARFVWaNvB739GOybTlIPLT91eyx0YERjtUjESawomwO0hnOh6jt1L3Sru0PK62ylYOfqQw==}
    engines: {node: '>=18'}
    hasBin: true

  typescript@5.9.3:
    resolution: {integrity: sha512-jl1vZzPDinLr9eUt3J/t7V6FgNEw9QjvBPdysz9KfQDD41fQrC2Y4vKQdiaUpFT4bXlb1RHhLpp8wtm6M5TgSw==}
    engines: {node: '>=14.17'}
    hasBin: true

snapshots:

  fsevents@2.3.2:
    optional: true

  patchright-core@1.61.1: {}

  patchright@1.61.1:
    dependencies:
      patchright-core: 1.61.1
    optionalDependencies:
      fsevents: 2.3.2

  typescript@5.9.3: {}
